
Microsoft Visual Studio Solution File, Format Version 12.00
# Visual Studio for Mac
Project("{FAE04EC0-301F-11D3-BF4B-00C04F79EFBC}") = "UnityVR", "Assembly-CSharp.csproj", "{7811A4FE-C37A-C653-AAE7-FD362041DC7E}"
EndProject
Project("{FAE04EC0-301F-11D3-BF4B-00C04F79EFBC}") = "UnityVR", "Assembly-CSharp-Editor.csproj", "{375132FC-FC7C-38FC-5DA9-04CCC2700F58}"
EndProject
Global
	GlobalSection(SolutionConfigurationPlatforms) = preSolution
		Debug|Any CPU = Debug|Any CPU
		Release|Any CPU = Release|Any CPU
	EndGlobalSection
	GlobalSection(ProjectConfigurationPlatforms) = postSolution
		{7811A4FE-C37A-C653-AAE7-FD362041DC7E}.Debug|Any CPU.ActiveCfg = Debug|Any CPU
		{7811A4FE-C37A-C653-AAE7-FD362041DC7E}.Debug|Any CPU.Build.0 = Debug|Any CPU
		{7811A4FE-C37A-C653-AAE7-FD362041DC7E}.Release|Any CPU.ActiveCfg = Release|Any CPU
		{7811A4FE-C37A-C653-AAE7-FD362041DC7E}.Release|Any CPU.Build.0 = Release|Any CPU
		{375132FC-FC7C-38FC-5DA9-04CCC2700F58}.Debug|Any CPU.ActiveCfg = Debug|Any CPU
		{375132FC-FC7C-38FC-5DA9-04CCC2700F58}.Debug|Any CPU.Build.0 = Debug|Any CPU
		{375132FC-FC7C-38FC-5DA9-04CCC2700F58}.Release|Any CPU.ActiveCfg = Release|Any CPU
		{375132FC-FC7C-38FC-5DA9-04CCC2700F58}.Release|Any CPU.Build.0 = Release|Any CPU
	EndGlobalSection
	GlobalSection(SolutionProperties) = preSolution
		HideSolutionNode = FALSE
	EndGlobalSection
EndGlobal
